<?xml version="1.0" encoding="utf-8"?>
<Project ToolsVersion="4.0" xmlns="http://schemas.microsoft.com/developer/msbuild/2003">
  <ItemGroup>
    <Filter Include="Source Files">
      <UniqueIdentifier>{4FC737F1-C7A5-4376-A066-2A32D752A2FF}</UniqueIdentifier>
      <Extensions>cpp;c;cc;cxx;def;odl;idl;hpj;bat;asm;asmx</Extensions>
    </Filter>
    <Filter Include="Header Files">
      <UniqueIdentifier>{93995380-89BD-4b04-88EB-625FBE52EBFB}</UniqueIdentifier>
      <Extensions>h;hh;hpp;hxx;hm;inl;inc;xsd</Extensions>
    </Filter>
    <Filter Include="Resource Files">
      <UniqueIdentifier>{67DA6AB6-F800-4c08-8B7A-83BB121AAD01}</UniqueIdentifier>
      <Extensions>rc;ico;cur;bmp;dlg;rc2;rct;bin;rgs;gif;jpg;jpeg;jpe;resx;tiff;tif;png;wav;mfcribbon-ms</Extensions>
    </Filter>
    <Filter Include="Header Files\Geometric Objects">
      <UniqueIdentifier>{e24dda2f-8b14-48f5-bb52-1f17dd6bed04}</UniqueIdentifier>
    </Filter>
    <Filter Include="Header Files\World">
      <UniqueIdentifier>{0937547c-563e-4169-bcd4-9caaf8f9030c}</UniqueIdentifier>
    </Filter>
    <Filter Include="Header Files\Tracers">
      <UniqueIdentifier>{776f8e24-1d45-4725-b711-c2be746bf2ff}</UniqueIdentifier>
    </Filter>
    <Filter Include="Header Files\Utilities">
      <UniqueIdentifier>{8fc8d282-715c-463a-aa02-28ecdcc0124c}</UniqueIdentifier>
    </Filter>
    <Filter Include="Source Files\Geometric Objects">
      <UniqueIdentifier>{918bccbc-affa-468b-9b4e-f8929b58ddb2}</UniqueIdentifier>
    </Filter>
    <Filter Include="Source Files\Tracers">
      <UniqueIdentifier>{9e9fd41d-da67-4f75-a215-050987bfc88a}</UniqueIdentifier>
    </Filter>
    <Filter Include="Source Files\World">
      <UniqueIdentifier>{e75dd445-8b58-469a-9b12-fdbb9be59bd2}</UniqueIdentifier>
    </Filter>
    <Filter Include="Source Files\Utilities">
      <UniqueIdentifier>{c87ae12a-7672-41fe-858b-bd0f11adc473}</UniqueIdentifier>
    </Filter>
    <Filter Include="Header Files\Cameras">
      <UniqueIdentifier>{99cfed0f-6e26-4d9d-aaac-52d75841128c}</UniqueIdentifier>
    </Filter>
    <Filter Include="Source Files\Cameras">
      <UniqueIdentifier>{9e553f32-fe9a-4907-8f24-06141da27025}</UniqueIdentifier>
    </Filter>
  </ItemGroup>
  <ItemGroup>
    <ClCompile Include="Cameras\Camera.cpp">
      <Filter>Source Files\Cameras</Filter>
    </ClCompile>
    <ClCompile Include="Cameras\Pinhole.cpp">
      <Filter>Source Files\Cameras</Filter>
    </ClCompile>
    <ClCompile Include="World\main.cpp">
      <Filter>Source Files\World</Filter>
    </ClCompile>
    <ClCompile Include="Utilities\Matrix.cpp">
      <Filter>Source Files\Utilities</Filter>
    </ClCompile>
    <ClCompile Include="Tracers\MultipleObjects.cpp">
      <Filter>Source Files\Tracers</Filter>
    </ClCompile>
    <ClCompile Include="Utilities\Normal.cpp">
      <Filter>Source Files\Utilities</Filter>
    </ClCompile>
    <ClCompile Include="Utilities\Point2D.cpp">
      <Filter>Source Files\Utilities</Filter>
    </ClCompile>
    <ClCompile Include="Utilities\Point3D.cpp">
      <Filter>Source Files\Utilities</Filter>
    </ClCompile>
    <ClCompile Include="Utilities\Ray.cpp">
      <Filter>Source Files\Utilities</Filter>
    </ClCompile>
    <ClCompile Include="Utilities\RGBColor.cpp">
      <Filter>Source Files\Utilities</Filter>
    </ClCompile>
    <ClCompile Include="Utilities\ShadeRec.cpp">
      <Filter>Source Files\Utilities</Filter>
    </ClCompile>
    <ClCompile Include="Tracers\SingleSphere.cpp">
      <Filter>Source Files\Tracers</Filter>
    </ClCompile>
    <ClCompile Include="Tracers\Tracer.cpp">
      <Filter>Source Files\Tracers</Filter>
    </ClCompile>
    <ClCompile Include="Utilities\Vector3D.cpp">
      <Filter>Source Files\Utilities</Filter>
    </ClCompile>
    <ClCompile Include="World\ViewPlane.cpp">
      <Filter>Source Files\World</Filter>
    </ClCompile>
    <ClCompile Include="World\World.cpp">
      <Filter>Source Files\World</Filter>
    </ClCompile>
    <ClCompile Include="Lights\Light.cpp">
      <Filter>Source Files</Filter>
    </ClCompile>
    <ClCompile Include="BRDFs\BRDF.cpp">
      <Filter>Source Files</Filter>
    </ClCompile>
    <ClCompile Include="BRDFs\Lambertian.cpp">
      <Filter>Source Files</Filter>
    </ClCompile>
    <ClCompile Include="Lights\Ambient.cpp">
      <Filter>Source Files</Filter>
    </ClCompile>
    <ClCompile Include="Lights\Directional.cpp">
      <Filter>Source Files</Filter>
    </ClCompile>
    <ClCompile Include="Materials\Material.cpp">
      <Filter>Source Files</Filter>
    </ClCompile>
    <ClCompile Include="Materials\Matte.cpp">
      <Filter>Source Files</Filter>
    </ClCompile>
    <ClCompile Include="Geometric_Objects\GeometricObject.cpp">
      <Filter>Source Files\Geometric Objects</Filter>
    </ClCompile>
    <ClCompile Include="Geometric_Objects\Sphere.cpp">
      <Filter>Source Files\Geometric Objects</Filter>
    </ClCompile>
    <ClCompile Include="Tracers\RayCast.cpp">
      <Filter>Source Files</Filter>
    </ClCompile>
    <ClCompile Include="Lights\PointLight.cpp">
      <Filter>Source Files</Filter>
    </ClCompile>
    <ClCompile Include="BRDFs\GlossySpecular.cpp">
      <Filter>Source Files</Filter>
    </ClCompile>
    <ClCompile Include="Materials\Phong.cpp">
      <Filter>Source Files</Filter>
    </ClCompile>
    <ClCompile Include="Textures\ConstantColor.cpp">
      <Filter>Source Files</Filter>
    </ClCompile>
    <ClCompile Include="BRDFs\SV_Lambertian.cpp">
      <Filter>Source Files</Filter>
    </ClCompile>
    <ClCompile Include="Textures\Texture.cpp">
      <Filter>Source Files</Filter>
    </ClCompile>
    <ClCompile Include="Materials\SV_Matte.cpp">
      <Filter>Source Files</Filter>
    </ClCompile>
    <ClCompile Include="Textures\Checker3D.cpp">
      <Filter>Source Files</Filter>
    </ClCompile>
    <ClCompile Include="Tracers\Whitted.cpp">
      <Filter>Source Files</Filter>
    </ClCompile>
    <ClCompile Include="BRDFs\PerfectSpecular.cpp">
      <Filter>Source Files</Filter>
    </ClCompile>
    <ClCompile Include="Materials\Reflective.cpp">
      <Filter>Source Files</Filter>
    </ClCompile>
    <ClCompile Include="BTDF\BTDF.cpp">
      <Filter>Source Files</Filter>
    </ClCompile>
    <ClCompile Include="BTDF\PerfectTransmitter.cpp">
      <Filter>Source Files</Filter>
    </ClCompile>
    <ClCompile Include="Materials\Transparent.cpp">
      <Filter>Source Files</Filter>
    </ClCompile>
    <ClCompile Include="Geometric_Objects\Rect.cpp">
      <Filter>Source Files\Geometric Objects</Filter>
    </ClCompile>
    <ClCompile Include="Utilities\BBox.cpp">
      <Filter>Source Files</Filter>
    </ClCompile>
    <ClCompile Include="Geometric_Objects\Triangle.cpp">
      <Filter>Source Files</Filter>
    </ClCompile>
    <ClCompile Include="Utilities\KD_Node.cpp">
      <Filter>Source Files</Filter>
    </ClCompile>
  </ItemGroup>
  <ItemGroup>
    <ClInclude Include="Cameras\Camera.h">
      <Filter>Header Files\Cameras</Filter>
    </ClInclude>
    <ClInclude Include="Cameras\Pinhole.h">
      <Filter>Header Files\Cameras</Filter>
    </ClInclude>
    <ClInclude Include="Utilities\Constants.h">
      <Filter>Header Files\Utilities</Filter>
    </ClInclude>
    <ClInclude Include="Utilities\Maths.h">
      <Filter>Header Files\Utilities</Filter>
    </ClInclude>
    <ClInclude Include="Utilities\Matrix.h">
      <Filter>Header Files\Utilities</Filter>
    </ClInclude>
    <ClInclude Include="Tracers\MultipleObjects.h">
      <Filter>Header Files\Tracers</Filter>
    </ClInclude>
    <ClInclude Include="Utilities\Normal.h">
      <Filter>Header Files\Utilities</Filter>
    </ClInclude>
    <ClInclude Include="Utilities\Point2D.h">
      <Filter>Header Files\Utilities</Filter>
    </ClInclude>
    <ClInclude Include="Utilities\Point3D.h">
      <Filter>Header Files\Utilities</Filter>
    </ClInclude>
    <ClInclude Include="Utilities\Ray.h">
      <Filter>Header Files\Utilities</Filter>
    </ClInclude>
    <ClInclude Include="Utilities\RGBColor.h">
      <Filter>Header Files\Utilities</Filter>
    </ClInclude>
    <ClInclude Include="Utilities\ShadeRec.h">
      <Filter>Header Files\Utilities</Filter>
    </ClInclude>
    <ClInclude Include="Tracers\SingleSphere.h">
      <Filter>Header Files\Tracers</Filter>
    </ClInclude>
    <ClInclude Include="Tracers\Tracer.h">
      <Filter>Header Files\Tracers</Filter>
    </ClInclude>
    <ClInclude Include="Utilities\Vector3D.h">
      <Filter>Header Files\Utilities</Filter>
    </ClInclude>
    <ClInclude Include="World\ViewPlane.h">
      <Filter>Header Files\World</Filter>
    </ClInclude>
    <ClInclude Include="World\World.h">
      <Filter>Header Files\World</Filter>
    </ClInclude>
    <ClInclude Include="Lights\Light.h">
      <Filter>Header Files</Filter>
    </ClInclude>
    <ClInclude Include="BRDFs\BRDF.h">
      <Filter>Header Files</Filter>
    </ClInclude>
    <ClInclude Include="BRDFs\Lambertian.h">
      <Filter>Header Files</Filter>
    </ClInclude>
    <ClInclude Include="Lights\Ambient.h">
      <Filter>Header Files</Filter>
    </ClInclude>
    <ClInclude Include="Lights\Directional.h">
      <Filter>Header Files</Filter>
    </ClInclude>
    <ClInclude Include="Materials\Material.h">
      <Filter>Header Files</Filter>
    </ClInclude>
    <ClInclude Include="Materials\Matte.h">
      <Filter>Header Files</Filter>
    </ClInclude>
    <ClInclude Include="Geometric_Objects\GeometricObject.h">
      <Filter>Header Files\Geometric Objects</Filter>
    </ClInclude>
    <ClInclude Include="Geometric_Objects\Sphere.h">
      <Filter>Header Files\Geometric Objects</Filter>
    </ClInclude>
    <ClInclude Include="Tracers\RayCast.h">
      <Filter>Header Files</Filter>
    </ClInclude>
    <ClInclude Include="Lights\PointLight.h">
      <Filter>Header Files</Filter>
    </ClInclude>
    <ClInclude Include="BRDFs\GlossySpecular.h">
      <Filter>Header Files</Filter>
    </ClInclude>
    <ClInclude Include="Materials\Phong.h">
      <Filter>Header Files</Filter>
    </ClInclude>
    <ClInclude Include="Textures\Texture.h">
      <Filter>Header Files</Filter>
    </ClInclude>
    <ClInclude Include="Textures\ConstantColor.h">
      <Filter>Header Files</Filter>
    </ClInclude>
    <ClInclude Include="BRDFs\SV_Lambertian.h">
      <Filter>Header Files</Filter>
    </ClInclude>
    <ClInclude Include="Materials\SV_Matte.h">
      <Filter>Header Files</Filter>
    </ClInclude>
    <ClInclude Include="Textures\Checker3D.h">
      <Filter>Header Files</Filter>
    </ClInclude>
    <ClInclude Include="Tracers\Whitted.h">
      <Filter>Header Files</Filter>
    </ClInclude>
    <ClInclude Include="BRDFs\PerfectSpecular.h">
      <Filter>Header Files</Filter>
    </ClInclude>
    <ClInclude Include="Materials\Reflective.h">
      <Filter>Header Files</Filter>
    </ClInclude>
    <ClInclude Include="BTDF\BTDF.h">
      <Filter>Header Files</Filter>
    </ClInclude>
    <ClInclude Include="BTDF\PerfectTransmitter.h">
      <Filter>Header Files</Filter>
    </ClInclude>
    <ClInclude Include="Materials\Transparent.h">
      <Filter>Header Files</Filter>
    </ClInclude>
    <ClInclude Include="Geometric_Objects\Rect.h">
      <Filter>Header Files\Geometric Objects</Filter>
    </ClInclude>
    <ClInclude Include="Utilities\BBox.h">
      <Filter>Header Files</Filter>
    </ClInclude>
    <ClInclude Include="Geometric_Objects\Triangle.h">
      <Filter>Header Files</Filter>
    </ClInclude>
    <ClInclude Include="Utilities\KD_Node.h">
      <Filter>Header Files</Filter>
    </ClInclude>
  </ItemGroup>
  <ItemGroup>
    <None Include="packages.config" />
  </ItemGroup>
</Project>